
Microsoft Visual Studio Solution File, Format Version 12.00
# Visual Studio 15
VisualStudioVersion = 15.0.28307.168
MinimumVisualStudioVersion = 10.0.40219.1
Project("{FAE04EC0-301F-11D3-BF4B-00C04F79EFBC}") = "ProcessingCheckListWss", "ProcessingCheckListWss\ProcessingCheckListWss.csproj", "{BB099C89-476A-41DF-8224-F536FC63007A}"
EndProject
Global
	GlobalSection(SolutionConfigurationPlatforms) = preSolution
		Debug|Any CPU = Debug|Any CPU
		Release|Any CPU = Release|Any CPU
	EndGlobalSection
	GlobalSection(ProjectConfigurationPlatforms) = postSolution
		{BB099C89-476A-41DF-8224-F536FC63007A}.Debug|Any CPU.ActiveCfg = Debug|Any CPU
		{BB099C89-476A-41DF-8224-F536FC63007A}.Debug|Any CPU.Build.0 = Debug|Any CPU
		{BB099C89-476A-41DF-8224-F536FC63007A}.Release|Any CPU.ActiveCfg = Release|Any CPU
		{BB099C89-476A-41DF-8224-F536FC63007A}.Release|Any CPU.Build.0 = Release|Any CPU
	EndGlobalSection
	GlobalSection(SolutionProperties) = preSolution
		HideSolutionNode = FALSE
	EndGlobalSection
	GlobalSection(ExtensibilityGlobals) = postSolution
		SolutionGuid = {2C96647D-D53A-41AD-A244-5ACC124F776E}
	EndGlobalSection
EndGlobal
